
Microsoft Visual Studio Solution File, Format Version 12.00
# Visual Studio Version 16
VisualStudioVersion = 16.0.30611.23
MinimumVisualStudioVersion = 10.0.40219.1
Project("{FAE04EC0-301F-11D3-BF4B-00C04F79EFBC}") = "EDI DesktopApp", "EDI DesktopApp\EDI DesktopApp.csproj", "{6243F7E4-B1BF-4121-8B8C-99C9537C94B5}"
EndProject
Global
	GlobalSection(SolutionConfigurationPlatforms) = preSolution
		Debug|Any CPU = Debug|Any CPU
		Release|Any CPU = Release|Any CPU
	EndGlobalSection
	GlobalSection(ProjectConfigurationPlatforms) = postSolution
		{6243F7E4-B1BF-4121-8B8C-99C9537C94B5}.Debug|Any CPU.ActiveCfg = Debug|Any CPU
		{6243F7E4-B1BF-4121-8B8C-99C9537C94B5}.Debug|Any CPU.Build.0 = Debug|Any CPU
		{6243F7E4-B1BF-4121-8B8C-99C9537C94B5}.Release|Any CPU.ActiveCfg = Release|Any CPU
		{6243F7E4-B1BF-4121-8B8C-99C9537C94B5}.Release|Any CPU.Build.0 = Release|Any CPU
	EndGlobalSection
	GlobalSection(SolutionProperties) = preSolution
		HideSolutionNode = FALSE
	EndGlobalSection
	GlobalSection(ExtensibilityGlobals) = postSolution
		SolutionGuid = {10171A2F-39EC-4746-A508-20974FD5CCB4}
	EndGlobalSection
EndGlobal
